
Microsoft Visual Studio Solution File, Format Version 12.00
# Visual Studio 15
VisualStudioVersion = 15.0.28307.168
MinimumVisualStudioVersion = 10.0.40219.1
Project("{FAE04EC0-301F-11D3-BF4B-00C04F79EFBC}") = "_PresentationLayer", "_PresentationLayer\_PresentationLayer.csproj", "{192BA28A-4E69-4080-BBD7-C285E7B3BBA0}"
EndProject
Project("{FAE04EC0-301F-11D3-BF4B-00C04F79EFBC}") = "_BusinessLayer", "_BusinessLayer\_BusinessLayer.csproj", "{C78A9245-A24A-4AD5-BA8F-241C3261452E}"
EndProject
Project("{FAE04EC0-301F-11D3-BF4B-00C04F79EFBC}") = "_DataLayer", "_DataLayer\_DataLayer.csproj", "{0611B202-3E9F-4D51-BCE3-AC46134B8044}"
EndProject
Global
	GlobalSection(SolutionConfigurationPlatforms) = preSolution
		Debug|Any CPU = Debug|Any CPU
		Release|Any CPU = Release|Any CPU
	EndGlobalSection
	GlobalSection(ProjectConfigurationPlatforms) = postSolution
		{192BA28A-4E69-4080-BBD7-C285E7B3BBA0}.Debug|Any CPU.ActiveCfg = Debug|Any CPU
		{192BA28A-4E69-4080-BBD7-C285E7B3BBA0}.Debug|Any CPU.Build.0 = Debug|Any CPU
		{192BA28A-4E69-4080-BBD7-C285E7B3BBA0}.Release|Any CPU.ActiveCfg = Release|Any CPU
		{192BA28A-4E69-4080-BBD7-C285E7B3BBA0}.Release|Any CPU.Build.0 = Release|Any CPU
		{C78A9245-A24A-4AD5-BA8F-241C3261452E}.Debug|Any CPU.ActiveCfg = Debug|Any CPU
		{C78A9245-A24A-4AD5-BA8F-241C3261452E}.Debug|Any CPU.Build.0 = Debug|Any CPU
		{C78A9245-A24A-4AD5-BA8F-241C3261452E}.Release|Any CPU.ActiveCfg = Release|Any CPU
		{C78A9245-A24A-4AD5-BA8F-241C3261452E}.Release|Any CPU.Build.0 = Release|Any CPU
		{0611B202-3E9F-4D51-BCE3-AC46134B8044}.Debug|Any CPU.ActiveCfg = Debug|Any CPU
		{0611B202-3E9F-4D51-BCE3-AC46134B8044}.Debug|Any CPU.Build.0 = Debug|Any CPU
		{0611B202-3E9F-4D51-BCE3-AC46134B8044}.Release|Any CPU.ActiveCfg = Release|Any CPU
		{0611B202-3E9F-4D51-BCE3-AC46134B8044}.Release|Any CPU.Build.0 = Release|Any CPU
	EndGlobalSection
	GlobalSection(SolutionProperties) = preSolution
		HideSolutionNode = FALSE
	EndGlobalSection
	GlobalSection(ExtensibilityGlobals) = postSolution
		SolutionGuid = {82BA4E16-9D19-4F79-9237-2790D545F75C}
	EndGlobalSection
	GlobalSection(TeamFoundationVersionControl) = preSolution
		SccNumberOfProjects = 4
		SccEnterpriseProvider = {4CA58AB2-18FA-4F8D-95D4-32DDF27D184C}
		SccTeamFoundationServer = https://dev.azure.com/hakan1181
		SccProjectUniqueName0 = _DataLayer\\_DataLayer.csproj
		SccProjectName0 = _DataLayer
		SccLocalPath0 = _DataLayer
		SccProjectUniqueName1 = _BusinessLayer\\_BusinessLayer.csproj
		SccProjectName1 = _BusinessLayer
		SccLocalPath1 = _BusinessLayer
		SccProjectUniqueName2 = _PresentationLayer\\_PresentationLayer.csproj
		SccProjectName2 = _PresentationLayer
		SccLocalPath2 = _PresentationLayer
		SccLocalPath3 = .
	EndGlobalSection
EndGlobal
